// !$*UTF8*$!
{
	archiveVersion = 1;
	classes = {
	};
	objectVersion = 55;
	objects = {

/* Begin PBXBuildFile section */
		6A215E4A286A4D940016E315 /* LoginViewController.m in Sources */ = {isa = PBXBuildFile; fileRef = 6A215E49286A4D940016E315 /* LoginViewController.m */; };
		6A215E4D286A51860016E315 /* HomeFeedViewController.m in Sources */ = {isa = PBXBuildFile; fileRef = 6A215E4C286A51860016E315 /* HomeFeedViewController.m */; };
		6A215E57286B642B0016E315 /* ComposeController.m in Sources */ = {isa = PBXBuildFile; fileRef = 6A215E56286B642B0016E315 /* ComposeController.m */; };
		6A215E5C286BAC580016E315 /* Post.m in Sources */ = {isa = PBXBuildFile; fileRef = 6A215E5B286BAC580016E315 /* Post.m */; };
		6A34C882286918210047D286 /* AppDelegate.m in Sources */ = {isa = PBXBuildFile; fileRef = 6A34C881286918210047D286 /* AppDelegate.m */; };
		6A34C885286918210047D286 /* SceneDelegate.m in Sources */ = {isa = PBXBuildFile; fileRef = 6A34C884286918210047D286 /* SceneDelegate.m */; };
		6A34C88B286918210047D286 /* Main.storyboard in Resources */ = {isa = PBXBuildFile; fileRef = 6A34C889286918210047D286 /* Main.storyboard */; };
		6A34C88D286918220047D286 /* Assets.xcassets in Resources */ = {isa = PBXBuildFile; fileRef = 6A34C88C286918220047D286 /* Assets.xcassets */; };
		6A34C890286918220047D286 /* LaunchScreen.storyboard in Resources */ = {isa = PBXBuildFile; fileRef = 6A34C88E286918220047D286 /* LaunchScreen.storyboard */; };
		6A34C893286918220047D286 /* main.m in Sources */ = {isa = PBXBuildFile; fileRef = 6A34C892286918220047D286 /* main.m */; };
		6A34C89D286918220047D286 /* InstagramRecreatedTests.m in Sources */ = {isa = PBXBuildFile; fileRef = 6A34C89C286918220047D286 /* InstagramRecreatedTests.m */; };
		6A34C8A7286918220047D286 /* InstagramRecreatedUITests.m in Sources */ = {isa = PBXBuildFile; fileRef = 6A34C8A6286918220047D286 /* InstagramRecreatedUITests.m */; };
		6A34C8A9286918220047D286 /* InstagramRecreatedUITestsLaunchTests.m in Sources */ = {isa = PBXBuildFile; fileRef = 6A34C8A8286918220047D286 /* InstagramRecreatedUITestsLaunchTests.m */; };
		6A5D1CA2286A475000B78922 /* Keys.plist in Resources */ = {isa = PBXBuildFile; fileRef = 6A5D1CA1286A475000B78922 /* Keys.plist */; };
		6A945923286D425A001A5F0C /* ProfileViewController.m in Sources */ = {isa = PBXBuildFile; fileRef = 6A945922286D425A001A5F0C /* ProfileViewController.m */; };
		6A945926286D45B3001A5F0C /* ProfileEditViewController.m in Sources */ = {isa = PBXBuildFile; fileRef = 6A945925286D45B3001A5F0C /* ProfileEditViewController.m */; };
		6A945929286E4E41001A5F0C /* DateFormatter.m in Sources */ = {isa = PBXBuildFile; fileRef = 6A945928286E4E41001A5F0C /* DateFormatter.m */; };
		6ADD26F6286BC4B900E018BD /* PostCell.m in Sources */ = {isa = PBXBuildFile; fileRef = 6ADD26F5286BC4B900E018BD /* PostCell.m */; };
		6ADD26F9286C0AC700E018BD /* DetailViewController.m in Sources */ = {isa = PBXBuildFile; fileRef = 6ADD26F8286C0AC700E018BD /* DetailViewController.m */; };
		A70E0637828CFA5D7D19B81C /* Pods_InstagramRecreated_InstagramRecreatedUITests.framework in Frameworks */ = {isa = PBXBuildFile; fileRef = 88FE5233C005E8BF7D3F5F1E /* Pods_InstagramRecreated_InstagramRecreatedUITests.framework */; };
		B0FD46FBBF370E280CD59D36 /* Pods_InstagramRecreated.framework in Frameworks */ = {isa = PBXBuildFile; fileRef = 00E504AE87793747BF1AB020 /* Pods_InstagramRecreated.framework */; };
		C7D1418044F49AC968A6C398 /* Pods_InstagramRecreatedTests.framework in Frameworks */ = {isa = PBXBuildFile; fileRef = AE51500BCD2DBEC523800B0D /* Pods_InstagramRecreatedTests.framework */; };
/* End PBXBuildFile section */

/* Begin PBXContainerItemProxy section */
		6A34C899286918220047D286 /* PBXContainerItemProxy */ = {
			isa = PBXContainerItemProxy;
			containerPortal = 6A34C875286918210047D286 /* Project object */;
			proxyType = 1;
			remoteGlobalIDString = 6A34C87C286918210047D286;
			remoteInfo = InstagramRecreated;
		};
		6A34C8A3286918220047D286 /* PBXContainerItemProxy */ = {
			isa = PBXContainerItemProxy;
			containerPortal = 6A34C875286918210047D286 /* Project object */;
			proxyType = 1;
			remoteGlobalIDString = 6A34C87C286918210047D286;
			remoteInfo = InstagramRecreated;
		};
/* End PBXContainerItemProxy section */

/* Begin PBXFileReference section */
		00E504AE87793747BF1AB020 /* Pods_InstagramRecreated.framework */ = {isa = PBXFileReference; explicitFileType = wrapper.framework; includeInIndex = 0; path = Pods_InstagramRecreated.framework; sourceTree = BUILT_PRODUCTS_DIR; };
		1B6DB8B195069B51D71052DF /* Pods-InstagramRecreated.release.xcconfig */ = {isa = PBXFileReference; includeInIndex = 1; lastKnownFileType = text.xcconfig; name = "Pods-InstagramRecreated.release.xcconfig"; path = "Target Support Files/Pods-InstagramRecreated/Pods-InstagramRecreated.release.xcconfig"; sourceTree = "<group>"; };
		48EA3FDA618B6218A2921E51 /* Pods-InstagramRecreated-InstagramRecreatedUITests.release.xcconfig */ = {isa = PBXFileReference; includeInIndex = 1; lastKnownFileType = text.xcconfig; name = "Pods-InstagramRecreated-InstagramRecreatedUITests.release.xcconfig"; path = "Target Support Files/Pods-InstagramRecreated-InstagramRecreatedUITests/Pods-InstagramRecreated-InstagramRecreatedUITests.release.xcconfig"; sourceTree = "<group>"; };
		55BC990E20E78B692C3C3B58 /* Pods-InstagramRecreated-InstagramRecreatedUITests.debug.xcconfig */ = {isa = PBXFileReference; includeInIndex = 1; lastKnownFileType = text.xcconfig; name = "Pods-InstagramRecreated-InstagramRecreatedUITests.debug.xcconfig"; path = "Target Support Files/Pods-InstagramRecreated-InstagramRecreatedUITests/Pods-InstagramRecreated-InstagramRecreatedUITests.debug.xcconfig"; sourceTree = "<group>"; };
		6A215E48286A4D940016E315 /* LoginViewController.h */ = {isa = PBXFileReference; lastKnownFileType = sourcecode.c.h; path = LoginViewController.h; sourceTree = "<group>"; };
		6A215E49286A4D940016E315 /* LoginViewController.m */ = {isa = PBXFileReference; lastKnownFileType = sourcecode.c.objc; path = LoginViewController.m; sourceTree = "<group>"; };
		6A215E4B286A51860016E315 /* HomeFeedViewController.h */ = {isa = PBXFileReference; lastKnownFileType = sourcecode.c.h; path = HomeFeedViewController.h; sourceTree = "<group>"; };
		6A215E4C286A51860016E315 /* HomeFeedViewController.m */ = {isa = PBXFileReference; lastKnownFileType = sourcecode.c.objc; path = HomeFeedViewController.m; sourceTree = "<group>"; };
		6A215E55286B642B0016E315 /* ComposeController.h */ = {isa = PBXFileReference; lastKnownFileType = sourcecode.c.h; name = ComposeController.h; path = InstagramRecreated/ViewControllers/Compose/ComposeController.h; sourceTree = SOURCE_ROOT; };
		6A215E56286B642B0016E315 /* ComposeController.m */ = {isa = PBXFileReference; lastKnownFileType = sourcecode.c.objc; name = ComposeController.m; path = InstagramRecreated/ViewControllers/Compose/ComposeController.m; sourceTree = SOURCE_ROOT; };
		6A215E5A286BAC580016E315 /* Post.h */ = {isa = PBXFileReference; lastKnownFileType = sourcecode.c.h; path = Post.h; sourceTree = "<group>"; };
		6A215E5B286BAC580016E315 /* Post.m */ = {isa = PBXFileReference; lastKnownFileType = sourcecode.c.objc; path = Post.m; sourceTree = "<group>"; };
		6A34C87D286918210047D286 /* InstagramRecreated.app */ = {isa = PBXFileReference; explicitFileType = wrapper.application; includeInIndex = 0; path = InstagramRecreated.app; sourceTree = BUILT_PRODUCTS_DIR; };
		6A34C880286918210047D286 /* AppDelegate.h */ = {isa = PBXFileReference; lastKnownFileType = sourcecode.c.h; path = AppDelegate.h; sourceTree = "<group>"; };
		6A34C881286918210047D286 /* AppDelegate.m */ = {isa = PBXFileReference; lastKnownFileType = sourcecode.c.objc; path = AppDelegate.m; sourceTree = "<group>"; };
		6A34C883286918210047D286 /* SceneDelegate.h */ = {isa = PBXFileReference; lastKnownFileType = sourcecode.c.h; path = SceneDelegate.h; sourceTree = "<group>"; };
		6A34C884286918210047D286 /* SceneDelegate.m */ = {isa = PBXFileReference; lastKnownFileType = sourcecode.c.objc; path = SceneDelegate.m; sourceTree = "<group>"; };
		6A34C88A286918210047D286 /* Base */ = {isa = PBXFileReference; lastKnownFileType = file.storyboard; name = Base; path = Base.lproj/Main.storyboard; sourceTree = "<group>"; };
		6A34C88C286918220047D286 /* Assets.xcassets */ = {isa = PBXFileReference; lastKnownFileType = folder.assetcatalog; path = Assets.xcassets; sourceTree = "<group>"; };
		6A34C88F286918220047D286 /* Base */ = {isa = PBXFileReference; lastKnownFileType = file.storyboard; name = Base; path = Base.lproj/LaunchScreen.storyboard; sourceTree = "<group>"; };
		6A34C891286918220047D286 /* Info.plist */ = {isa = PBXFileReference; lastKnownFileType = text.plist.xml; path = Info.plist; sourceTree = "<group>"; };
		6A34C892286918220047D286 /* main.m */ = {isa = PBXFileReference; lastKnownFileType = sourcecode.c.objc; path = main.m; sourceTree = "<group>"; };
		6A34C898286918220047D286 /* InstagramRecreatedTests.xctest */ = {isa = PBXFileReference; explicitFileType = wrapper.cfbundle; includeInIndex = 0; path = InstagramRecreatedTests.xctest; sourceTree = BUILT_PRODUCTS_DIR; };
		6A34C89C286918220047D286 /* InstagramRecreatedTests.m */ = {isa = PBXFileReference; lastKnownFileType = sourcecode.c.objc; path = InstagramRecreatedTests.m; sourceTree = "<group>"; };
		6A34C8A2286918220047D286 /* InstagramRecreatedUITests.xctest */ = {isa = PBXFileReference; explicitFileType = wrapper.cfbundle; includeInIndex = 0; path = InstagramRecreatedUITests.xctest; sourceTree = BUILT_PRODUCTS_DIR; };
		6A34C8A6286918220047D286 /* InstagramRecreatedUITests.m */ = {isa = PBXFileReference; lastKnownFileType = sourcecode.c.objc; path = InstagramRecreatedUITests.m; sourceTree = "<group>"; };
		6A34C8A8286918220047D286 /* InstagramRecreatedUITestsLaunchTests.m */ = {isa = PBXFileReference; lastKnownFileType = sourcecode.c.objc; path = InstagramRecreatedUITestsLaunchTests.m; sourceTree = "<group>"; };
		6A5D1CA1286A475000B78922 /* Keys.plist */ = {isa = PBXFileReference; lastKnownFileType = text.plist.xml; path = Keys.plist; sourceTree = "<group>"; };
		6A945921286D425A001A5F0C /* ProfileViewController.h */ = {isa = PBXFileReference; lastKnownFileType = sourcecode.c.h; path = ProfileViewController.h; sourceTree = "<group>"; };
		6A945922286D425A001A5F0C /* ProfileViewController.m */ = {isa = PBXFileReference; lastKnownFileType = sourcecode.c.objc; path = ProfileViewController.m; sourceTree = "<group>"; };
		6A945924286D45B3001A5F0C /* ProfileEditViewController.h */ = {isa = PBXFileReference; lastKnownFileType = sourcecode.c.h; path = ProfileEditViewController.h; sourceTree = "<group>"; };
		6A945925286D45B3001A5F0C /* ProfileEditViewController.m */ = {isa = PBXFileReference; lastKnownFileType = sourcecode.c.objc; path = ProfileEditViewController.m; sourceTree = "<group>"; };
		6A945927286E4E41001A5F0C /* DateFormatter.h */ = {isa = PBXFileReference; lastKnownFileType = sourcecode.c.h; path = DateFormatter.h; sourceTree = "<group>"; };
		6A945928286E4E41001A5F0C /* DateFormatter.m */ = {isa = PBXFileReference; lastKnownFileType = sourcecode.c.objc; path = DateFormatter.m; sourceTree = "<group>"; };
		6ADD26F4286BC4B900E018BD /* PostCell.h */ = {isa = PBXFileReference; lastKnownFileType = sourcecode.c.h; path = PostCell.h; sourceTree = "<group>"; };
		6ADD26F5286BC4B900E018BD /* PostCell.m */ = {isa = PBXFileReference; lastKnownFileType = sourcecode.c.objc; path = PostCell.m; sourceTree = "<group>"; };
		6ADD26F7286C0AC700E018BD /* DetailViewController.h */ = {isa = PBXFileReference; lastKnownFileType = sourcecode.c.h; path = DetailViewController.h; sourceTree = "<group>"; };
		6ADD26F8286C0AC700E018BD /* DetailViewController.m */ = {isa = PBXFileReference; lastKnownFileType = sourcecode.c.objc; path = DetailViewController.m; sourceTree = "<group>"; };
		88FE5233C005E8BF7D3F5F1E /* Pods_InstagramRecreated_InstagramRecreatedUITests.framework */ = {isa = PBXFileReference; explicitFileType = wrapper.framework; includeInIndex = 0; path = Pods_InstagramRecreated_InstagramRecreatedUITests.framework; sourceTree = BUILT_PRODUCTS_DIR; };
		9177AFDD1CA0F4D3A05D80B1 /* Pods-InstagramRecreatedTests.debug.xcconfig */ = {isa = PBXFileReference; includeInIndex = 1; lastKnownFileType = text.xcconfig; name = "Pods-InstagramRecreatedTests.debug.xcconfig"; path = "Target Support Files/Pods-InstagramRecreatedTests/Pods-InstagramRecreatedTests.debug.xcconfig"; sourceTree = "<group>"; };
		A6AE4ECE8EF32C4A32200B20 /* Pods-InstagramRecreated.debug.xcconfig */ = {isa = PBXFileReference; includeInIndex = 1; lastKnownFileType = text.xcconfig; name = "Pods-InstagramRecreated.debug.xcconfig"; path = "Target Support Files/Pods-InstagramRecreated/Pods-InstagramRecreated.debug.xcconfig"; sourceTree = "<group>"; };
		AE51500BCD2DBEC523800B0D /* Pods_InstagramRecreatedTests.framework */ = {isa = PBXFileReference; explicitFileType = wrapper.framework; includeInIndex = 0; path = Pods_InstagramRecreatedTests.framework; sourceTree = BUILT_PRODUCTS_DIR; };
		E0090F3475F969B2166CE1D5 /* Pods-InstagramRecreatedTests.release.xcconfig */ = {isa = PBXFileReference; includeInIndex = 1; lastKnownFileType = text.xcconfig; name = "Pods-InstagramRecreatedTests.release.xcconfig"; path = "Target Support Files/Pods-InstagramRecreatedTests/Pods-InstagramRecreatedTests.release.xcconfig"; sourceTree = "<group>"; };
/* End PBXFileReference section */

/* Begin PBXFrameworksBuildPhase section */
		6A34C87A286918210047D286 /* Frameworks */ = {
			isa = PBXFrameworksBuildPhase;
			buildActionMask = 2147483647;
			files = (
				B0FD46FBBF370E280CD59D36 /* Pods_InstagramRecreated.framework in Frameworks */,
			);
			runOnlyForDeploymentPostprocessing = 0;
		};
		6A34C895286918220047D286 /* Frameworks */ = {
			isa = PBXFrameworksBuildPhase;
			buildActionMask = 2147483647;
			files = (
				C7D1418044F49AC968A6C398 /* Pods_InstagramRecreatedTests.framework in Frameworks */,
			);
			runOnlyForDeploymentPostprocessing = 0;
		};
		6A34C89F286918220047D286 /* Frameworks */ = {
			isa = PBXFrameworksBuildPhase;
			buildActionMask = 2147483647;
			files = (
				A70E0637828CFA5D7D19B81C /* Pods_InstagramRecreated_InstagramRecreatedUITests.framework in Frameworks */,
			);
			runOnlyForDeploymentPostprocessing = 0;
		};
/* End PBXFrameworksBuildPhase section */

/* Begin PBXGroup section */
		14D850F79D61E1D701E534C9 /* Frameworks */ = {
			isa = PBXGroup;
			children = (
				00E504AE87793747BF1AB020 /* Pods_InstagramRecreated.framework */,
				88FE5233C005E8BF7D3F5F1E /* Pods_InstagramRecreated_InstagramRecreatedUITests.framework */,
				AE51500BCD2DBEC523800B0D /* Pods_InstagramRecreatedTests.framework */,
			);
			name = Frameworks;
			sourceTree = "<group>";
		};
		39B831082618798E83266C5E /* Pods */ = {
			isa = PBXGroup;
			children = (
				A6AE4ECE8EF32C4A32200B20 /* Pods-InstagramRecreated.debug.xcconfig */,
				1B6DB8B195069B51D71052DF /* Pods-InstagramRecreated.release.xcconfig */,
				55BC990E20E78B692C3C3B58 /* Pods-InstagramRecreated-InstagramRecreatedUITests.debug.xcconfig */,
				48EA3FDA618B6218A2921E51 /* Pods-InstagramRecreated-InstagramRecreatedUITests.release.xcconfig */,
				9177AFDD1CA0F4D3A05D80B1 /* Pods-InstagramRecreatedTests.debug.xcconfig */,
				E0090F3475F969B2166CE1D5 /* Pods-InstagramRecreatedTests.release.xcconfig */,
			);
			path = Pods;
			sourceTree = "<group>";
		};
		6A215E51286A71B40016E315 /* ViewControllers */ = {
			isa = PBXGroup;
			children = (
				6A945920286D4232001A5F0C /* Profile */,
				6A94591F286D4221001A5F0C /* Detail */,
				6A94591E286D4210001A5F0C /* Post */,
				6A94591D286D420C001A5F0C /* Login */,
				6A94591C286D41F7001A5F0C /* HomeFeed */,
				6A94591B286D41EB001A5F0C /* Compose */,
			);
			path = ViewControllers;
			sourceTree = "<group>";
		};
		6A215E58286BAC300016E315 /* Models */ = {
			isa = PBXGroup;
			children = (
				6A215E5A286BAC580016E315 /* Post.h */,
				6A215E5B286BAC580016E315 /* Post.m */,
			);
			path = Models;
			sourceTree = "<group>";
		};
		6A215E59286BAC3B0016E315 /* Delegates */ = {
			isa = PBXGroup;
			children = (
				6A34C880286918210047D286 /* AppDelegate.h */,
				6A34C881286918210047D286 /* AppDelegate.m */,
				6A34C883286918210047D286 /* SceneDelegate.h */,
				6A34C884286918210047D286 /* SceneDelegate.m */,
			);
			path = Delegates;
			sourceTree = "<group>";
		};
		6A34C874286918210047D286 = {
			isa = PBXGroup;
			children = (
				6A34C87F286918210047D286 /* InstagramRecreated */,
				6A34C89B286918220047D286 /* InstagramRecreatedTests */,
				6A34C8A5286918220047D286 /* InstagramRecreatedUITests */,
				6A34C87E286918210047D286 /* Products */,
				39B831082618798E83266C5E /* Pods */,
				14D850F79D61E1D701E534C9 /* Frameworks */,
			);
			sourceTree = "<group>";
		};
		6A34C87E286918210047D286 /* Products */ = {
			isa = PBXGroup;
			children = (
				6A34C87D286918210047D286 /* InstagramRecreated.app */,
				6A34C898286918220047D286 /* InstagramRecreatedTests.xctest */,
				6A34C8A2286918220047D286 /* InstagramRecreatedUITests.xctest */,
			);
			name = Products;
			sourceTree = "<group>";
		};
		6A34C87F286918210047D286 /* InstagramRecreated */ = {
			isa = PBXGroup;
			children = (
				6A94592A286E4E4A001A5F0C /* Formatter */,
				6A215E51286A71B40016E315 /* ViewControllers */,
				6A215E58286BAC300016E315 /* Models */,
				6A215E59286BAC3B0016E315 /* Delegates */,
				6A34C889286918210047D286 /* Main.storyboard */,
				6A34C88C286918220047D286 /* Assets.xcassets */,
				6A34C88E286918220047D286 /* LaunchScreen.storyboard */,
				6A34C891286918220047D286 /* Info.plist */,
				6A34C892286918220047D286 /* main.m */,
				6A5D1CA1286A475000B78922 /* Keys.plist */,
			);
			path = InstagramRecreated;
			sourceTree = "<group>";
		};
		6A34C89B286918220047D286 /* InstagramRecreatedTests */ = {
			isa = PBXGroup;
			children = (
				6A34C89C286918220047D286 /* InstagramRecreatedTests.m */,
			);
			path = InstagramRecreatedTests;
			sourceTree = "<group>";
		};
		6A34C8A5286918220047D286 /* InstagramRecreatedUITests */ = {
			isa = PBXGroup;
			children = (
				6A34C8A6286918220047D286 /* InstagramRecreatedUITests.m */,
				6A34C8A8286918220047D286 /* InstagramRecreatedUITestsLaunchTests.m */,
			);
			path = InstagramRecreatedUITests;
			sourceTree = "<group>";
		};
		6A94591B286D41EB001A5F0C /* Compose */ = {
			isa = PBXGroup;
			children = (
				6A215E55286B642B0016E315 /* ComposeController.h */,
				6A215E56286B642B0016E315 /* ComposeController.m */,
			);
			path = Compose;
			sourceTree = "<group>";
		};
		6A94591C286D41F7001A5F0C /* HomeFeed */ = {
			isa = PBXGroup;
			children = (
				6A215E4B286A51860016E315 /* HomeFeedViewController.h */,
				6A215E4C286A51860016E315 /* HomeFeedViewController.m */,
			);
			path = HomeFeed;
			sourceTree = "<group>";
		};
		6A94591D286D420C001A5F0C /* Login */ = {
			isa = PBXGroup;
			children = (
				6A215E48286A4D940016E315 /* LoginViewController.h */,
				6A215E49286A4D940016E315 /* LoginViewController.m */,
			);
			path = Login;
			sourceTree = "<group>";
		};
		6A94591E286D4210001A5F0C /* Post */ = {
			isa = PBXGroup;
			children = (
				6ADD26F4286BC4B900E018BD /* PostCell.h */,
				6ADD26F5286BC4B900E018BD /* PostCell.m */,
			);
			path = Post;
			sourceTree = "<group>";
		};
		6A94591F286D4221001A5F0C /* Detail */ = {
			isa = PBXGroup;
			children = (
				6ADD26F7286C0AC700E018BD /* DetailViewController.h */,
				6ADD26F8286C0AC700E018BD /* DetailViewController.m */,
			);
			path = Detail;
			sourceTree = "<group>";
		};
		6A945920286D4232001A5F0C /* Profile */ = {
			isa = PBXGroup;
			children = (
				6A945921286D425A001A5F0C /* ProfileViewController.h */,
				6A945922286D425A001A5F0C /* ProfileViewController.m */,
				6A945924286D45B3001A5F0C /* ProfileEditViewController.h */,
				6A945925286D45B3001A5F0C /* ProfileEditViewController.m */,
			);
			path = Profile;
			sourceTree = "<group>";
		};
		6A94592A286E4E4A001A5F0C /* Formatter */ = {
			isa = PBXGroup;
			children = (
				6A945927286E4E41001A5F0C /* DateFormatter.h */,
				6A945928286E4E41001A5F0C /* DateFormatter.m */,
			);
			path = Formatter;
			sourceTree = "<group>";
		};
/* End PBXGroup section */

/* Begin PBXNativeTarget section */
		6A34C87C286918210047D286 /* InstagramRecreated */ = {
			isa = PBXNativeTarget;
			buildConfigurationList = 6A34C8AC286918220047D286 /* Build configuration list for PBXNativeTarget "InstagramRecreated" */;
			buildPhases = (
				5092D552C2B09CD8FB887214 /* [CP] Check Pods Manifest.lock */,
				6A34C879286918210047D286 /* Sources */,
				6A34C87A286918210047D286 /* Frameworks */,
				6A34C87B286918210047D286 /* Resources */,
				BEFC0CBFBFF5321CC1DA4A62 /* [CP] Embed Pods Frameworks */,
			);
			buildRules = (
			);
			dependencies = (
			);
			name = InstagramRecreated;
			productName = InstagramRecreated;
			productReference = 6A34C87D286918210047D286 /* InstagramRecreated.app */;
			productType = "com.apple.product-type.application";
		};
		6A34C897286918220047D286 /* InstagramRecreatedTests */ = {
			isa = PBXNativeTarget;
			buildConfigurationList = 6A34C8AF286918220047D286 /* Build configuration list for PBXNativeTarget "InstagramRecreatedTests" */;
			buildPhases = (
				56D472798E7188A53009B986 /* [CP] Check Pods Manifest.lock */,
				6A34C894286918220047D286 /* Sources */,
				6A34C895286918220047D286 /* Frameworks */,
				6A34C896286918220047D286 /* Resources */,
			);
			buildRules = (
			);
			dependencies = (
				6A34C89A286918220047D286 /* PBXTargetDependency */,
			);
			name = InstagramRecreatedTests;
			productName = InstagramRecreatedTests;
			productReference = 6A34C898286918220047D286 /* InstagramRecreatedTests.xctest */;
			productType = "com.apple.product-type.bundle.unit-test";
		};
		6A34C8A1286918220047D286 /* InstagramRecreatedUITests */ = {
			isa = PBXNativeTarget;
			buildConfigurationList = 6A34C8B2286918220047D286 /* Build configuration list for PBXNativeTarget "InstagramRecreatedUITests" */;
			buildPhases = (
				E13E6592D857D24523B93B9D /* [CP] Check Pods Manifest.lock */,
				6A34C89E286918220047D286 /* Sources */,
				6A34C89F286918220047D286 /* Frameworks */,
				6A34C8A0286918220047D286 /* Resources */,
				42A957F00467C37A29522D3C /* [CP] Embed Pods Frameworks */,
			);
			buildRules = (
			);
			dependencies = (
				6A34C8A4286918220047D286 /* PBXTargetDependency */,
			);
			name = InstagramRecreatedUITests;
			productName = InstagramRecreatedUITests;
			productReference = 6A34C8A2286918220047D286 /* InstagramRecreatedUITests.xctest */;
			productType = "com.apple.product-type.bundle.ui-testing";
		};
/* End PBXNativeTarget section */

/* Begin PBXProject section */
		6A34C875286918210047D286 /* Project object */ = {
			isa = PBXProject;
			attributes = {
				BuildIndependentTargetsInParallel = 1;
				LastUpgradeCheck = 1340;
				TargetAttributes = {
					6A34C87C286918210047D286 = {
						CreatedOnToolsVersion = 13.4.1;
					};
					6A34C897286918220047D286 = {
						CreatedOnToolsVersion = 13.4.1;
						TestTargetID = 6A34C87C286918210047D286;
					};
					6A34C8A1286918220047D286 = {
						CreatedOnToolsVersion = 13.4.1;
						TestTargetID = 6A34C87C286918210047D286;
					};
				};
			};
			buildConfigurationList = 6A34C878286918210047D286 /* Build configuration list for PBXProject "InstagramRecreated" */;
			compatibilityVersion = "Xcode 13.0";
			developmentRegion = en;
			hasScannedForEncodings = 0;
			knownRegions = (
				en,
				Base,
			);
			mainGroup = 6A34C874286918210047D286;
			productRefGroup = 6A34C87E286918210047D286 /* Products */;
			projectDirPath = "";
			projectRoot = "";
			targets = (
				6A34C87C286918210047D286 /* InstagramRecreated */,
				6A34C897286918220047D286 /* InstagramRecreatedTests */,
				6A34C8A1286918220047D286 /* InstagramRecreatedUITests */,
			);
		};
/* End PBXProject section */

/* Begin PBXResourcesBuildPhase section */
		6A34C87B286918210047D286 /* Resources */ = {
			isa = PBXResourcesBuildPhase;
			buildActionMask = 2147483647;
			files = (
				6A5D1CA2286A475000B78922 /* Keys.plist in Resources */,
				6A34C890286918220047D286 /* LaunchScreen.storyboard in Resources */,
				6A34C88D286918220047D286 /* Assets.xcassets in Resources */,
				6A34C88B286918210047D286 /* Main.storyboard in Resources */,
			);
			runOnlyForDeploymentPostprocessing = 0;
		};
		6A34C896286918220047D286 /* Resources */ = {
			isa = PBXResourcesBuildPhase;
			buildActionMask = 2147483647;
			files = (
			);
			runOnlyForDeploymentPostprocessing = 0;
		};
		6A34C8A0286918220047D286 /* Resources */ = {
			isa = PBXResourcesBuildPhase;
			buildActionMask = 2147483647;
			files = (
			);
			runOnlyForDeploymentPostprocessing = 0;
		};
/* End PBXResourcesBuildPhase section */

/* Begin PBXShellScriptBuildPhase section */
		42A957F00467C37A29522D3C /* [CP] Embed Pods Frameworks */ = {
			isa = PBXShellScriptBuildPhase;
			buildActionMask = 2147483647;
			files = (
			);
			inputFileListPaths = (
				"${PODS_ROOT}/Target Support Files/Pods-InstagramRecreated-InstagramRecreatedUITests/Pods-InstagramRecreated-InstagramRecreatedUITests-frameworks-${CONFIGURATION}-input-files.xcfilelist",
			);
			name = "[CP] Embed Pods Frameworks";
			outputFileListPaths = (
				"${PODS_ROOT}/Target Support Files/Pods-InstagramRecreated-InstagramRecreatedUITests/Pods-InstagramRecreated-InstagramRecreatedUITests-frameworks-${CONFIGURATION}-output-files.xcfilelist",
			);
			runOnlyForDeploymentPostprocessing = 0;
			shellPath = /bin/sh;
			shellScript = "\"${PODS_ROOT}/Target Support Files/Pods-InstagramRecreated-InstagramRecreatedUITests/Pods-InstagramRecreated-InstagramRecreatedUITests-frameworks.sh\"\n";
			showEnvVarsInLog = 0;
		};
		5092D552C2B09CD8FB887214 /* [CP] Check Pods Manifest.lock */ = {
			isa = PBXShellScriptBuildPhase;
			buildActionMask = 2147483647;
			files = (
			);
			inputFileListPaths = (
			);
			inputPaths = (
				"${PODS_PODFILE_DIR_PATH}/Podfile.lock",
				"${PODS_ROOT}/Manifest.lock",
			);
			name = "[CP] Check Pods Manifest.lock";
			outputFileListPaths = (
			);
			outputPaths = (
				"$(DERIVED_FILE_DIR)/Pods-InstagramRecreated-checkManifestLockResult.txt",
			);
			runOnlyForDeploymentPostprocessing = 0;
			shellPath = /bin/sh;
			shellScript = "diff \"${PODS_PODFILE_DIR_PATH}/Podfile.lock\" \"${PODS_ROOT}/Manifest.lock\" > /dev/null\nif [ $? != 0 ] ; then\n    # print error to STDERR\n    echo \"error: The sandbox is not in sync with the Podfile.lock. Run 'pod install' or update your CocoaPods installation.\" >&2\n    exit 1\nfi\n# This output is used by Xcode 'outputs' to avoid re-running this script phase.\necho \"SUCCESS\" > \"${SCRIPT_OUTPUT_FILE_0}\"\n";
			showEnvVarsInLog = 0;
		};
		56D472798E7188A53009B986 /* [CP] Check Pods Manifest.lock */ = {
			isa = PBXShellScriptBuildPhase;
			buildActionMask = 2147483647;
			files = (
			);
			inputFileListPaths = (
			);
			inputPaths = (
				"${PODS_PODFILE_DIR_PATH}/Podfile.lock",
				"${PODS_ROOT}/Manifest.lock",
			);
			name = "[CP] Check Pods Manifest.lock";
			outputFileListPaths = (
			);
			outputPaths = (
				"$(DERIVED_FILE_DIR)/Pods-InstagramRecreatedTests-checkManifestLockResult.txt",
			);
			runOnlyForDeploymentPostprocessing = 0;
			shellPath = /bin/sh;
			shellScript = "diff \"${PODS_PODFILE_DIR_PATH}/Podfile.lock\" \"${PODS_ROOT}/Manifest.lock\" > /dev/null\nif [ $? != 0 ] ; then\n    # print error to STDERR\n    echo \"error: The sandbox is not in sync with the Podfile.lock. Run 'pod install' or update your CocoaPods installation.\" >&2\n    exit 1\nfi\n# This output is used by Xcode 'outputs' to avoid re-running this script phase.\necho \"SUCCESS\" > \"${SCRIPT_OUTPUT_FILE_0}\"\n";
			showEnvVarsInLog = 0;
		};
		BEFC0CBFBFF5321CC1DA4A62 /* [CP] Embed Pods Frameworks */ = {
			isa = PBXShellScriptBuildPhase;
			buildActionMask = 2147483647;
			files = (
			);
			inputFileListPaths = (
				"${PODS_ROOT}/Target Support Files/Pods-InstagramRecreated/Pods-InstagramRecreated-frameworks-${CONFIGURATION}-input-files.xcfilelist",
			);
			name = "[CP] Embed Pods Frameworks";
			outputFileListPaths = (
				"${PODS_ROOT}/Target Support Files/Pods-InstagramRecreated/Pods-InstagramRecreated-frameworks-${CONFIGURATION}-output-files.xcfilelist",
			);
			runOnlyForDeploymentPostprocessing = 0;
			shellPath = /bin/sh;
			shellScript = "\"${PODS_ROOT}/Target Support Files/Pods-InstagramRecreated/Pods-InstagramRecreated-frameworks.sh\"\n";
			showEnvVarsInLog = 0;
		};
		E13E6592D857D24523B93B9D /* [CP] Check Pods Manifest.lock */ = {
			isa = PBXShellScriptBuildPhase;
			buildActionMask = 2147483647;
			files = (
			);
			inputFileListPaths = (
			);
			inputPaths = (
				"${PODS_PODFILE_DIR_PATH}/Podfile.lock",
				"${PODS_ROOT}/Manifest.lock",
			);
			name = "[CP] Check Pods Manifest.lock";
			outputFileListPaths = (
			);
			outputPaths = (
				"$(DERIVED_FILE_DIR)/Pods-InstagramRecreated-InstagramRecreatedUITests-checkManifestLockResult.txt",
			);
			runOnlyForDeploymentPostprocessing = 0;
			shellPath = /bin/sh;
			shellScript = "diff \"${PODS_PODFILE_DIR_PATH}/Podfile.lock\" \"${PODS_ROOT}/Manifest.lock\" > /dev/null\nif [ $? != 0 ] ; then\n    # print error to STDERR\n    echo \"error: The sandbox is not in sync with the Podfile.lock. Run 'pod install' or update your CocoaPods installation.\" >&2\n    exit 1\nfi\n# This output is used by Xcode 'outputs' to avoid re-running this script phase.\necho \"SUCCESS\" > \"${SCRIPT_OUTPUT_FILE_0}\"\n";
			showEnvVarsInLog = 0;
		};
/* End PBXShellScriptBuildPhase section */

/* Begin PBXSourcesBuildPhase section */
		6A34C879286918210047D286 /* Sources */ = {
			isa = PBXSourcesBuildPhase;
			buildActionMask = 2147483647;
			files = (
				6A215E4D286A51860016E315 /* HomeFeedViewController.m in Sources */,
				6A34C882286918210047D286 /* AppDelegate.m in Sources */,
				6ADD26F9286C0AC700E018BD /* DetailViewController.m in Sources */,
				6A945926286D45B3001A5F0C /* ProfileEditViewController.m in Sources */,
				6A945929286E4E41001A5F0C /* DateFormatter.m in Sources */,
				6A34C893286918220047D286 /* main.m in Sources */,
				6A945923286D425A001A5F0C /* ProfileViewController.m in Sources */,
				6ADD26F6286BC4B900E018BD /* PostCell.m in Sources */,
				6A34C885286918210047D286 /* SceneDelegate.m in Sources */,
				6A215E57286B642B0016E315 /* ComposeController.m in Sources */,
				6A215E4A286A4D940016E315 /* LoginViewController.m in Sources */,
				6A215E5C286BAC580016E315 /* Post.m in Sources */,
			);
			runOnlyForDeploymentPostprocessing = 0;
		};
		6A34C894286918220047D286 /* Sources */ = {
			isa = PBXSourcesBuildPhase;
			buildActionMask = 2147483647;
			files = (
				6A34C89D286918220047D286 /* InstagramRecreatedTests.m in Sources */,
			);
			runOnlyForDeploymentPostprocessing = 0;
		};
		6A34C89E286918220047D286 /* Sources */ = {
			isa = PBXSourcesBuildPhase;
			buildActionMask = 2147483647;
			files = (
				6A34C8A7286918220047D286 /* InstagramRecreatedUITests.m in Sources */,
				6A34C8A9286918220047D286 /* InstagramRecreatedUITestsLaunchTests.m in Sources */,
			);
			runOnlyForDeploymentPostprocessing = 0;
		};
/* End PBXSourcesBuildPhase section */

/* Begin PBXTargetDependency section */
		6A34C89A286918220047D286 /* PBXTargetDependency */ = {
			isa = PBXTargetDependency;
			target = 6A34C87C286918210047D286 /* InstagramRecreated */;
			targetProxy = 6A34C899286918220047D286 /* PBXContainerItemProxy */;
		};
		6A34C8A4286918220047D286 /* PBXTargetDependency */ = {
			isa = PBXTargetDependency;
			target = 6A34C87C286918210047D286 /* InstagramRecreated */;
			targetProxy = 6A34C8A3286918220047D286 /* PBXContainerItemProxy */;
		};
/* End PBXTargetDependency section */

/* Begin PBXVariantGroup section */
		6A34C889286918210047D286 /* Main.storyboard */ = {
			isa = PBXVariantGroup;
			children = (
				6A34C88A286918210047D286 /* Base */,
			);
			name = Main.storyboard;
			sourceTree = "<group>";
		};
		6A34C88E286918220047D286 /* LaunchScreen.storyboard */ = {
			isa = PBXVariantGroup;
			children = (
				6A34C88F286918220047D286 /* Base */,
			);
			name = LaunchScreen.storyboard;
			sourceTree = "<group>";
		};
/* End PBXVariantGroup section */

/* Begin XCBuildConfiguration section */
		6A34C8AA286918220047D286 /* Debug */ = {
			isa = XCBuildConfiguration;
			buildSettings = {
				ALWAYS_SEARCH_USER_PATHS = NO;
				CLANG_ANALYZER_NONNULL = YES;
				CLANG_ANALYZER_NUMBER_OBJECT_CONVERSION = YES_AGGRESSIVE;
				CLANG_CXX_LANGUAGE_STANDARD = "gnu++17";
				CLANG_ENABLE_MODULES = YES;
				CLANG_ENABLE_OBJC_ARC = YES;
				CLANG_ENABLE_OBJC_WEAK = YES;
				CLANG_WARN_BLOCK_CAPTURE_AUTORELEASING = YES;
				CLANG_WARN_BOOL_CONVERSION = YES;
				CLANG_WARN_COMMA = YES;
				CLANG_WARN_CONSTANT_CONVERSION = YES;
				CLANG_WARN_DEPRECATED_OBJC_IMPLEMENTATIONS = YES;
				CLANG_WARN_DIRECT_OBJC_ISA_USAGE = YES_ERROR;
				CLANG_WARN_DOCUMENTATION_COMMENTS = YES;
				CLANG_WARN_EMPTY_BODY = YES;
				CLANG_WARN_ENUM_CONVERSION = YES;
				CLANG_WARN_INFINITE_RECURSION = YES;
				CLANG_WARN_INT_CONVERSION = YES;
				CLANG_WARN_NON_LITERAL_NULL_CONVERSION = YES;
				CLANG_WARN_OBJC_IMPLICIT_RETAIN_SELF = YES;
				CLANG_WARN_OBJC_LITERAL_CONVERSION = YES;
				CLANG_WARN_OBJC_ROOT_CLASS = YES_ERROR;
				CLANG_WARN_QUOTED_INCLUDE_IN_FRAMEWORK_HEADER = YES;
				CLANG_WARN_RANGE_LOOP_ANALYSIS = YES;
				CLANG_WARN_STRICT_PROTOTYPES = YES;
				CLANG_WARN_SUSPICIOUS_MOVE = YES;
				CLANG_WARN_UNGUARDED_AVAILABILITY = YES_AGGRESSIVE;
				CLANG_WARN_UNREACHABLE_CODE = YES;
				CLANG_WARN__DUPLICATE_METHOD_MATCH = YES;
				COPY_PHASE_STRIP = NO;
				DEBUG_INFORMATION_FORMAT = dwarf;
				ENABLE_STRICT_OBJC_MSGSEND = YES;
				ENABLE_TESTABILITY = YES;
				GCC_C_LANGUAGE_STANDARD = gnu11;
				GCC_DYNAMIC_NO_PIC = NO;
				GCC_NO_COMMON_BLOCKS = YES;
				GCC_OPTIMIZATION_LEVEL = 0;
				GCC_PREPROCESSOR_DEFINITIONS = (
					"DEBUG=1",
					"$(inherited)",
				);
				GCC_WARN_64_TO_32_BIT_CONVERSION = YES;
				GCC_WARN_ABOUT_RETURN_TYPE = YES_ERROR;
				GCC_WARN_UNDECLARED_SELECTOR = YES;
				GCC_WARN_UNINITIALIZED_AUTOS = YES_AGGRESSIVE;
				GCC_WARN_UNUSED_FUNCTION = YES;
				GCC_WARN_UNUSED_VARIABLE = YES;
				IPHONEOS_DEPLOYMENT_TARGET = 15.5;
				MTL_ENABLE_DEBUG_INFO = INCLUDE_SOURCE;
				MTL_FAST_MATH = YES;
				ONLY_ACTIVE_ARCH = YES;
				SDKROOT = iphoneos;
			};
			name = Debug;
		};
		6A34C8AB286918220047D286 /* Release */ = {
			isa = XCBuildConfiguration;
			buildSettings = {
				ALWAYS_SEARCH_USER_PATHS = NO;
				CLANG_ANALYZER_NONNULL = YES;
				CLANG_ANALYZER_NUMBER_OBJECT_CONVERSION = YES_AGGRESSIVE;
				CLANG_CXX_LANGUAGE_STANDARD = "gnu++17";
				CLANG_ENABLE_MODULES = YES;
				CLANG_ENABLE_OBJC_ARC = YES;
				CLANG_ENABLE_OBJC_WEAK = YES;
				CLANG_WARN_BLOCK_CAPTURE_AUTORELEASING = YES;
				CLANG_WARN_BOOL_CONVERSION = YES;
				CLANG_WARN_COMMA = YES;
				CLANG_WARN_CONSTANT_CONVERSION = YES;
				CLANG_WARN_DEPRECATED_OBJC_IMPLEMENTATIONS = YES;
				CLANG_WARN_DIRECT_OBJC_ISA_USAGE = YES_ERROR;
				CLANG_WARN_DOCUMENTATION_COMMENTS = YES;
				CLANG_WARN_EMPTY_BODY = YES;
				CLANG_WARN_ENUM_CONVERSION = YES;
				CLANG_WARN_INFINITE_RECURSION = YES;
				CLANG_WARN_INT_CONVERSION = YES;
				CLANG_WARN_NON_LITERAL_NULL_CONVERSION = YES;
				CLANG_WARN_OBJC_IMPLICIT_RETAIN_SELF = YES;
				CLANG_WARN_OBJC_LITERAL_CONVERSION = YES;
				CLANG_WARN_OBJC_ROOT_CLASS = YES_ERROR;
				CLANG_WARN_QUOTED_INCLUDE_IN_FRAMEWORK_HEADER = YES;
				CLANG_WARN_RANGE_LOOP_ANALYSIS = YES;
				CLANG_WARN_STRICT_PROTOTYPES = YES;
				CLANG_WARN_SUSPICIOUS_MOVE = YES;
				CLANG_WARN_UNGUARDED_AVAILABILITY = YES_AGGRESSIVE;
				CLANG_WARN_UNREACHABLE_CODE = YES;
				CLANG_WARN__DUPLICATE_METHOD_MATCH = YES;
				COPY_PHASE_STRIP = NO;
				DEBUG_INFORMATION_FORMAT = "dwarf-with-dsym";
				ENABLE_NS_ASSERTIONS = NO;
				ENABLE_STRICT_OBJC_MSGSEND = YES;
				GCC_C_LANGUAGE_STANDARD = gnu11;
				GCC_NO_COMMON_BLOCKS = YES;
				GCC_WARN_64_TO_32_BIT_CONVERSION = YES;
				GCC_WARN_ABOUT_RETURN_TYPE = YES_ERROR;
				GCC_WARN_UNDECLARED_SELECTOR = YES;
				GCC_WARN_UNINITIALIZED_AUTOS = YES_AGGRESSIVE;
				GCC_WARN_UNUSED_FUNCTION = YES;
				GCC_WARN_UNUSED_VARIABLE = YES;
				IPHONEOS_DEPLOYMENT_TARGET = 15.5;
				MTL_ENABLE_DEBUG_INFO = NO;
				MTL_FAST_MATH = YES;
				SDKROOT = iphoneos;
				VALIDATE_PRODUCT = YES;
			};
			name = Release;
		};
		6A34C8AD286918220047D286 /* Debug */ = {
			isa = XCBuildConfiguration;
			baseConfigurationReference = A6AE4ECE8EF32C4A32200B20 /* Pods-InstagramRecreated.debug.xcconfig */;
			buildSettings = {
				ASSETCATALOG_COMPILER_APPICON_NAME = AppIcon;
				ASSETCATALOG_COMPILER_GLOBAL_ACCENT_COLOR_NAME = AccentColor;
				CODE_SIGN_STYLE = Automatic;
				CURRENT_PROJECT_VERSION = 1;
				DEVELOPMENT_TEAM = 5DQAHVXW6S;
				GENERATE_INFOPLIST_FILE = YES;
				INFOPLIST_FILE = InstagramRecreated/Info.plist;
				INFOPLIST_KEY_UIApplicationSupportsIndirectInputEvents = YES;
				INFOPLIST_KEY_UILaunchStoryboardName = LaunchScreen;
				INFOPLIST_KEY_UIMainStoryboardFile = Main;
				INFOPLIST_KEY_UISupportedInterfaceOrientations_iPad = "UIInterfaceOrientationPortrait UIInterfaceOrientationPortraitUpsideDown UIInterfaceOrientationLandscapeLeft UIInterfaceOrientationLandscapeRight";
				INFOPLIST_KEY_UISupportedInterfaceOrientations_iPhone = "UIInterfaceOrientationPortrait UIInterfaceOrientationLandscapeLeft UIInterfaceOrientationLandscapeRight";
				LD_RUNPATH_SEARCH_PATHS = (
					"$(inherited)",
					"@executable_path/Frameworks",
				);
				MARKETING_VERSION = 1.0;
				PRODUCT_BUNDLE_IDENTIFIER = com.uniquename.InstagramRecreated;
				PRODUCT_NAME = "$(TARGET_NAME)";
				SWIFT_EMIT_LOC_STRINGS = YES;
				TARGETED_DEVICE_FAMILY = "1,2";
			};
			name = Debug;
		};
		6A34C8AE286918220047D286 /* Release */ = {
			isa = XCBuildConfiguration;
			baseConfigurationReference = 1B6DB8B195069B51D71052DF /* Pods-InstagramRecreated.release.xcconfig */;
			buildSettings = {
				ASSETCATALOG_COMPILER_APPICON_NAME = AppIcon;
				ASSETCATALOG_COMPILER_GLOBAL_ACCENT_COLOR_NAME = AccentColor;
				CODE_SIGN_STYLE = Automatic;
				CURRENT_PROJECT_VERSION = 1;
				DEVELOPMENT_TEAM = 5DQAHVXW6S;
				GENERATE_INFOPLIST_FILE = YES;
				INFOPLIST_FILE = InstagramRecreated/Info.plist;
				INFOPLIST_KEY_UIApplicationSupportsIndirectInputEvents = YES;
				INFOPLIST_KEY_UILaunchStoryboardName = LaunchScreen;
				INFOPLIST_KEY_UIMainStoryboardFile = Main;
				INFOPLIST_KEY_UISupportedInterfaceOrientations_iPad = "UIInterfaceOrientationPortrait UIInterfaceOrientationPortraitUpsideDown UIInterfaceOrientationLandscapeLeft UIInterfaceOrientationLandscapeRight";
				INFOPLIST_KEY_UISupportedInterfaceOrientations_iPhone = "UIInterfaceOrientationPortrait UIInterfaceOrientationLandscapeLeft UIInterfaceOrientationLandscapeRight";
				LD_RUNPATH_SEARCH_PATHS = (
					"$(inherited)",
					"@executable_path/Frameworks",
				);
				MARKETING_VERSION = 1.0;
				PRODUCT_BUNDLE_IDENTIFIER = com.uniquename.InstagramRecreated;
				PRODUCT_NAME = "$(TARGET_NAME)";
				SWIFT_EMIT_LOC_STRINGS = YES;
				TARGETED_DEVICE_FAMILY = "1,2";
			};
			name = Release;
		};
		6A34C8B0286918220047D286 /* Debug */ = {
			isa = XCBuildConfiguration;
			baseConfigurationReference = 9177AFDD1CA0F4D3A05D80B1 /* Pods-InstagramRecreatedTests.debug.xcconfig */;
			buildSettings = {
				BUNDLE_LOADER = "$(TEST_HOST)";
				CODE_SIGN_STYLE = Automatic;
				CURRENT_PROJECT_VERSION = 1;
				GENERATE_INFOPLIST_FILE = YES;
				IPHONEOS_DEPLOYMENT_TARGET = 15.5;
				MARKETING_VERSION = 1.0;
				PRODUCT_BUNDLE_IDENTIFIER = com.uniquename.InstagramRecreatedTests;
				PRODUCT_NAME = "$(TARGET_NAME)";
				SWIFT_EMIT_LOC_STRINGS = NO;
				TARGETED_DEVICE_FAMILY = "1,2";
				TEST_HOST = "$(BUILT_PRODUCTS_DIR)/InstagramRecreated.app/InstagramRecreated";
			};
			name = Debug;
		};
		6A34C8B1286918220047D286 /* Release */ = {
			isa = XCBuildConfiguration;
			baseConfigurationReference = E0090F3475F969B2166CE1D5 /* Pods-InstagramRecreatedTests.release.xcconfig */;
			buildSettings = {
				BUNDLE_LOADER = "$(TEST_HOST)";
				CODE_SIGN_STYLE = Automatic;
				CURRENT_PROJECT_VERSION = 1;
				GENERATE_INFOPLIST_FILE = YES;
				IPHONEOS_DEPLOYMENT_TARGET = 15.5;
				MARKETING_VERSION = 1.0;
				PRODUCT_BUNDLE_IDENTIFIER = com.uniquename.InstagramRecreatedTests;
				PRODUCT_NAME = "$(TARGET_NAME)";
				SWIFT_EMIT_LOC_STRINGS = NO;
				TARGETED_DEVICE_FAMILY = "1,2";
				TEST_HOST = "$(BUILT_PRODUCTS_DIR)/InstagramRecreated.app/InstagramRecreated";
			};
			name = Release;
		};
		6A34C8B3286918220047D286 /* Debug */ = {
			isa = XCBuildConfiguration;
			baseConfigurationReference = 55BC990E20E78B692C3C3B58 /* Pods-InstagramRecreated-InstagramRecreatedUITests.debug.xcconfig */;
			buildSettings = {
				CODE_SIGN_STYLE = Automatic;
				CURRENT_PROJECT_VERSION = 1;
				GENERATE_INFOPLIST_FILE = YES;
				MARKETING_VERSION = 1.0;
				PRODUCT_BUNDLE_IDENTIFIER = com.uniquename.InstagramRecreatedUITests;
				PRODUCT_NAME = "$(TARGET_NAME)";
				SWIFT_EMIT_LOC_STRINGS = NO;
				TARGETED_DEVICE_FAMILY = "1,2";
				TEST_TARGET_NAME = InstagramRecreated;
			};
			name = Debug;
		};
		6A34C8B4286918220047D286 /* Release */ = {
			isa = XCBuildConfiguration;
			baseConfigurationReference = 48EA3FDA618B6218A2921E51 /* Pods-InstagramRecreated-InstagramRecreatedUITests.release.xcconfig */;
			buildSettings = {
				CODE_SIGN_STYLE = Automatic;
				CURRENT_PROJECT_VERSION = 1;
				GENERATE_INFOPLIST_FILE = YES;
				MARKETING_VERSION = 1.0;
				PRODUCT_BUNDLE_IDENTIFIER = com.uniquename.InstagramRecreatedUITests;
				PRODUCT_NAME = "$(TARGET_NAME)";
				SWIFT_EMIT_LOC_STRINGS = NO;
				TARGETED_DEVICE_FAMILY = "1,2";
				TEST_TARGET_NAME = InstagramRecreated;
			};
			name = Release;
		};
/* End XCBuildConfiguration section */

/* Begin XCConfigurationList section */
		6A34C878286918210047D286 /* Build configuration list for PBXProject "InstagramRecreated" */ = {
			isa = XCConfigurationList;
			buildConfigurations = (
				6A34C8AA286918220047D286 /* Debug */,
				6A34C8AB286918220047D286 /* Release */,
			);
			defaultConfigurationIsVisible = 0;
			defaultConfigurationName = Release;
		};
		6A34C8AC286918220047D286 /* Build configuration list for PBXNativeTarget "InstagramRecreated" */ = {
			isa = XCConfigurationList;
			buildConfigurations = (
				6A34C8AD286918220047D286 /* Debug */,
				6A34C8AE286918220047D286 /* Release */,
			);
			defaultConfigurationIsVisible = 0;
			defaultConfigurationName = Release;
		};
		6A34C8AF286918220047D286 /* Build configuration list for PBXNativeTarget "InstagramRecreatedTests" */ = {
			isa = XCConfigurationList;
			buildConfigurations = (
				6A34C8B0286918220047D286 /* Debug */,
				6A34C8B1286918220047D286 /* Release */,
			);
			defaultConfigurationIsVisible = 0;
			defaultConfigurationName = Release;
		};
		6A34C8B2286918220047D286 /* Build configuration list for PBXNativeTarget "InstagramRecreatedUITests" */ = {
			isa = XCConfigurationList;
			buildConfigurations = (
				6A34C8B3286918220047D286 /* Debug */,
				6A34C8B4286918220047D286 /* Release */,
			);
			defaultConfigurationIsVisible = 0;
			defaultConfigurationName = Release;
		};
/* End XCConfigurationList section */
	};
	rootObject = 6A34C875286918210047D286 /* Project object */;
}
